// !$*UTF8*$!
{
	archiveVersion = 1;
	classes = {
	};
	objectVersion = 56;
	objects = {
		F61A1DC0442958EF8F32A691 /* Project object */ = { isa = PBXProject; attributes = { BuildIndependentTargetsInParallel = 1; LastUpgradeCheck = 1600; }; buildConfigurationList = F3562F35C65B52BDA8DEB81A; compatibilityVersion = "Xcode 14.0"; developmentRegion = en; hasScannedForEncodings = 0; knownRegions = ( en, Base, ); mainGroup = DF27A32C99445B20BF8DCD66; productRefGroup = 540990DB70595F13B8F991ED; projectDirPath = ""; projectRoot = ""; targets = ( 81CC1892AD995BB2B5B5E09D, ); };
		81CC1892AD995BB2B5B5E09D /* Worthly */ = { isa = PBXNativeTarget; buildConfigurationList = C743FD605B9358FCB725527B; buildPhases = ( D32C9CC4B80E5A7D88B9206D, 8C29991127A05B898FDE56DF, 926D188007D45CEDA45F8BA1, ); buildRules = ( ); dependencies = ( ); name = Worthly; productName = Worthly; productReference = 7127756BA9325CA893C861CB; productType = "com.apple.product-type.application"; };
		DF27A32C99445B20BF8DCD66 = { isa = PBXGroup; children = ( 8B1FFACAC7F75580AB4DFE18, 03C6854CD39E5EE286FE0B68, C125A0B252A25A4582FFE6E8, 2C5481453F04524B9BD56544, 510D0C0244C1537ABE43FD0B, 7E8E72D3F9C1580DB81ED704, 31202C0D366C57BAAE59A75C, C7F4975809AA5D91B89C8BDC, 14CF7E269AD95609A6244E5B, 4C0ADBBED78B593EBD909BF0, 6E4C17951E2F562DA996C555, BEAE1683F0515C4A857DF42F, 6858BBE4C50F50BD9BAA872E, A4A070E7936752CC8114E5EF, 154434447BF35330B3FA39DE, 5A00CBCEBE9A5E24AD7A59AB, 540990DB70595F13B8F991ED, ); sourceTree = "<group>"; };
		540990DB70595F13B8F991ED = { isa = PBXGroup; children = ( 7127756BA9325CA893C861CB, ); name = Products; sourceTree = "<group>"; };
		7127756BA9325CA893C861CB /* Worthly.app */ = { isa = PBXFileReference; explicitFileType = wrapper.application; includeInIndex = 0; path = Worthly.app; sourceTree = BUILT_PRODUCTS_DIR; };
		8B1FFACAC7F75580AB4DFE18 /* RootTabView.swift */ = { isa = PBXFileReference; lastKnownFileType = sourcecode.swift; path = "Worthly/App/RootTabView.swift"; sourceTree = "<group>"; };
		03C6854CD39E5EE286FE0B68 /* WorthlyApp.swift */ = { isa = PBXFileReference; lastKnownFileType = sourcecode.swift; path = "Worthly/App/WorthlyApp.swift"; sourceTree = "<group>"; };
		C125A0B252A25A4582FFE6E8 /* WorthlyTheme.swift */ = { isa = PBXFileReference; lastKnownFileType = sourcecode.swift; path = "Worthly/Core/DesignSystem/WorthlyTheme.swift"; sourceTree = "<group>"; };
		2C5481453F04524B9BD56544 /* CheckIn.swift */ = { isa = PBXFileReference; lastKnownFileType = sourcecode.swift; path = "Worthly/Core/Models/CheckIn.swift"; sourceTree = "<group>"; };
		510D0C0244C1537ABE43FD0B /* WorthlyItem.swift */ = { isa = PBXFileReference; lastKnownFileType = sourcecode.swift; path = "Worthly/Core/Models/WorthlyItem.swift"; sourceTree = "<group>"; };
		7E8E72D3F9C1580DB81ED704 /* PriceFormatter.swift */ = { isa = PBXFileReference; lastKnownFileType = sourcecode.swift; path = "Worthly/Core/Utilities/PriceFormatter.swift"; sourceTree = "<group>"; };
		31202C0D366C57BAAE59A75C /* AddItemView.swift */ = { isa = PBXFileReference; lastKnownFileType = sourcecode.swift; path = "Worthly/Features/AddItem/AddItemView.swift"; sourceTree = "<group>"; };
		C7F4975809AA5D91B89C8BDC /* CheckInView.swift */ = { isa = PBXFileReference; lastKnownFileType = sourcecode.swift; path = "Worthly/Features/CheckIn/CheckInView.swift"; sourceTree = "<group>"; };
		14CF7E269AD95609A6244E5B /* HomeView.swift */ = { isa = PBXFileReference; lastKnownFileType = sourcecode.swift; path = "Worthly/Features/Home/HomeView.swift"; sourceTree = "<group>"; };
		4C0ADBBED78B593EBD909BF0 /* InsightsView.swift */ = { isa = PBXFileReference; lastKnownFileType = sourcecode.swift; path = "Worthly/Features/Insights/InsightsView.swift"; sourceTree = "<group>"; };
		6E4C17951E2F562DA996C555 /* ItemDetailView.swift */ = { isa = PBXFileReference; lastKnownFileType = sourcecode.swift; path = "Worthly/Features/ItemDetail/ItemDetailView.swift"; sourceTree = "<group>"; };
		BEAE1683F0515C4A857DF42F /* SettingsView.swift */ = { isa = PBXFileReference; lastKnownFileType = sourcecode.swift; path = "Worthly/Features/Settings/SettingsView.swift"; sourceTree = "<group>"; };
		6858BBE4C50F50BD9BAA872E /* ThingsView.swift */ = { isa = PBXFileReference; lastKnownFileType = sourcecode.swift; path = "Worthly/Features/Things/ThingsView.swift"; sourceTree = "<group>"; };
		D32C9CC4B80E5A7D88B9206D = { isa = PBXSourcesBuildPhase; buildActionMask = 2147483647; files = ( 8887D95BB5855FDAA9465351, 3F6E29F8A0355978982B2380, A85CDA8029EC586E976685BC, 6ECB57B510D65EA79EE906D9, D9E29C07989D5276A18E8020, 020AE1AF74355E15A8803A46, 84DDA66D9C2D50E3B6DE42F5, 5B57B759521A58B0A8ABDC61, 68B70CC52F695319BB7CC791, 7EDD306895165E3FACE57527, B9E4A41BA0755543B4FA789F, B463C70141BD5BC491AA1A80, 72B49E6E691E52D99D4B4646, 098FA7E3F73A5D3C967ACFF8, 9CB8A2A8A53C52DB999EA666, 0E90FADAF3F857E4A07027D6 ); runOnlyForDeploymentPostprocessing = 0; };
		8887D95BB5855FDAA9465351 /* RootTabView.swift in Sources */ = { isa = PBXBuildFile; fileRef = 8B1FFACAC7F75580AB4DFE18; };
		3F6E29F8A0355978982B2380 /* WorthlyApp.swift in Sources */ = { isa = PBXBuildFile; fileRef = 03C6854CD39E5EE286FE0B68; };
		A85CDA8029EC586E976685BC /* WorthlyTheme.swift in Sources */ = { isa = PBXBuildFile; fileRef = C125A0B252A25A4582FFE6E8; };
		6ECB57B510D65EA79EE906D9 /* CheckIn.swift in Sources */ = { isa = PBXBuildFile; fileRef = 2C5481453F04524B9BD56544; };
		D9E29C07989D5276A18E8020 /* WorthlyItem.swift in Sources */ = { isa = PBXBuildFile; fileRef = 510D0C0244C1537ABE43FD0B; };
		020AE1AF74355E15A8803A46 /* PriceFormatter.swift in Sources */ = { isa = PBXBuildFile; fileRef = 7E8E72D3F9C1580DB81ED704; };
		84DDA66D9C2D50E3B6DE42F5 /* AddItemView.swift in Sources */ = { isa = PBXBuildFile; fileRef = 31202C0D366C57BAAE59A75C; };
		5B57B759521A58B0A8ABDC61 /* CheckInView.swift in Sources */ = { isa = PBXBuildFile; fileRef = C7F4975809AA5D91B89C8BDC; };
		68B70CC52F695319BB7CC791 /* HomeView.swift in Sources */ = { isa = PBXBuildFile; fileRef = 14CF7E269AD95609A6244E5B; };
		7EDD306895165E3FACE57527 /* InsightsView.swift in Sources */ = { isa = PBXBuildFile; fileRef = 4C0ADBBED78B593EBD909BF0; };
		B9E4A41BA0755543B4FA789F /* ItemDetailView.swift in Sources */ = { isa = PBXBuildFile; fileRef = 6E4C17951E2F562DA996C555; };
		B463C70141BD5BC491AA1A80 /* SettingsView.swift in Sources */ = { isa = PBXBuildFile; fileRef = BEAE1683F0515C4A857DF42F; };
		72B49E6E691E52D99D4B4646 /* ThingsView.swift in Sources */ = { isa = PBXBuildFile; fileRef = 6858BBE4C50F50BD9BAA872E; };
		A4A070E7936752CC8114E5EF /* PriceInputParser.swift */ = { isa = PBXFileReference; lastKnownFileType = sourcecode.swift; path = "Worthly/Core/Utilities/PriceInputParser.swift"; sourceTree = "<group>"; };
		154434447BF35330B3FA39DE /* EditItemView.swift */ = { isa = PBXFileReference; lastKnownFileType = sourcecode.swift; path = "Worthly/Features/ItemDetail/EditItemView.swift"; sourceTree = "<group>"; };
		5A00CBCEBE9A5E24AD7A59AB /* PurchaseDecisionView.swift */ = { isa = PBXFileReference; lastKnownFileType = sourcecode.swift; path = "Worthly/Features/ItemDetail/PurchaseDecisionView.swift"; sourceTree = "<group>"; };
		098FA7E3F73A5D3C967ACFF8 /* PriceInputParser.swift in Sources */ = { isa = PBXBuildFile; fileRef = A4A070E7936752CC8114E5EF; };
		9CB8A2A8A53C52DB999EA666 /* EditItemView.swift in Sources */ = { isa = PBXBuildFile; fileRef = 154434447BF35330B3FA39DE; };
		0E90FADAF3F857E4A07027D6 /* PurchaseDecisionView.swift in Sources */ = { isa = PBXBuildFile; fileRef = 5A00CBCEBE9A5E24AD7A59AB; };
		8C29991127A05B898FDE56DF = { isa = PBXFrameworksBuildPhase; buildActionMask = 2147483647; files = ( ); runOnlyForDeploymentPostprocessing = 0; };
		926D188007D45CEDA45F8BA1 = { isa = PBXResourcesBuildPhase; buildActionMask = 2147483647; files = ( ); runOnlyForDeploymentPostprocessing = 0; };
		F3562F35C65B52BDA8DEB81A = { isa = XCConfigurationList; buildConfigurations = ( 8E50B38754BC533F8D8039CC, 159BF0DE26615C1696376477, ); defaultConfigurationIsVisible = 0; defaultConfigurationName = Release; };
		C743FD605B9358FCB725527B = { isa = XCConfigurationList; buildConfigurations = ( E8CA60188EE955A8B55052E7, AC9A65BC677E5CDF860ADAB4, ); defaultConfigurationIsVisible = 0; defaultConfigurationName = Release; };
		8E50B38754BC533F8D8039CC /* Debug */ = { isa = XCBuildConfiguration; buildSettings = { 		PRODUCT_NAME = "$(TARGET_NAME)";
		SDKROOT = iphoneos;
		SWIFT_VERSION = 5.0;
		IPHONEOS_DEPLOYMENT_TARGET = 17.0;
		SUPPORTED_PLATFORMS = "iphoneos iphonesimulator";
		TARGETED_DEVICE_FAMILY = "1,2";
		GENERATE_INFOPLIST_FILE = YES;
		INFOPLIST_KEY_UIApplicationSceneManifest_Generation = YES;
		INFOPLIST_KEY_UIApplicationSupportsIndirectInputEvents = YES;
		INFOPLIST_KEY_UILaunchScreen_Generation = YES;
		INFOPLIST_KEY_CFBundleDisplayName = Worthly;
		CODE_SIGNING_ALLOWED = NO; }; name = Debug; };
		159BF0DE26615C1696376477 /* Release */ = { isa = XCBuildConfiguration; buildSettings = { 		PRODUCT_NAME = "$(TARGET_NAME)";
		SDKROOT = iphoneos;
		SWIFT_VERSION = 5.0;
		IPHONEOS_DEPLOYMENT_TARGET = 17.0;
		SUPPORTED_PLATFORMS = "iphoneos iphonesimulator";
		TARGETED_DEVICE_FAMILY = "1,2";
		GENERATE_INFOPLIST_FILE = YES;
		INFOPLIST_KEY_UIApplicationSceneManifest_Generation = YES;
		INFOPLIST_KEY_UIApplicationSupportsIndirectInputEvents = YES;
		INFOPLIST_KEY_UILaunchScreen_Generation = YES;
		INFOPLIST_KEY_CFBundleDisplayName = Worthly;
		CODE_SIGNING_ALLOWED = NO; }; name = Release; };
		E8CA60188EE955A8B55052E7 /* Debug */ = { isa = XCBuildConfiguration; buildSettings = { 		PRODUCT_NAME = "$(TARGET_NAME)";
		SDKROOT = iphoneos;
		SWIFT_VERSION = 5.0;
		IPHONEOS_DEPLOYMENT_TARGET = 17.0;
		SUPPORTED_PLATFORMS = "iphoneos iphonesimulator";
		TARGETED_DEVICE_FAMILY = "1,2";
		GENERATE_INFOPLIST_FILE = YES;
		INFOPLIST_KEY_UIApplicationSceneManifest_Generation = YES;
		INFOPLIST_KEY_UIApplicationSupportsIndirectInputEvents = YES;
		INFOPLIST_KEY_UILaunchScreen_Generation = YES;
		INFOPLIST_KEY_CFBundleDisplayName = Worthly;
		CODE_SIGNING_ALLOWED = NO;
			PRODUCT_BUNDLE_IDENTIFIER = com.vitassun.worthly;
			SWIFT_EMIT_LOC_STRINGS = YES;
		}; name = Debug; };
		AC9A65BC677E5CDF860ADAB4 /* Release */ = { isa = XCBuildConfiguration; buildSettings = { 		PRODUCT_NAME = "$(TARGET_NAME)";
		SDKROOT = iphoneos;
		SWIFT_VERSION = 5.0;
		IPHONEOS_DEPLOYMENT_TARGET = 17.0;
		SUPPORTED_PLATFORMS = "iphoneos iphonesimulator";
		TARGETED_DEVICE_FAMILY = "1,2";
		GENERATE_INFOPLIST_FILE = YES;
		INFOPLIST_KEY_UIApplicationSceneManifest_Generation = YES;
		INFOPLIST_KEY_UIApplicationSupportsIndirectInputEvents = YES;
		INFOPLIST_KEY_UILaunchScreen_Generation = YES;
		INFOPLIST_KEY_CFBundleDisplayName = Worthly;
		CODE_SIGNING_ALLOWED = NO;
			PRODUCT_BUNDLE_IDENTIFIER = com.vitassun.worthly;
			SWIFT_EMIT_LOC_STRINGS = YES;
		}; name = Release; };
	};
	rootObject = F61A1DC0442958EF8F32A691;
}
